{
  "name": "refetch-interval",
  "version": "1.0.0",
  "lockfileVersion": 1,
  "requires": true,
  "dependencies": {
    "@types/node": {
      "version": "17.0.45",
      "dev": true
    },
    "pnpm": {
      "version": "7.4.1",
      "resolved": "https://registry.npmjs.org/pnpm/-/pnpm-7.4.1.tgz",
      "integrity": "sha512-zbgCWWw/qN5cvG1cBTNxwtT625BjxiZO974CAetIial/om4tyVgCmPxq9FRKDrYffTTLfahIXfXOjMUYqQ8wZw=="
    }
  }
}
